
Microsoft Visual Studio Solution File, Format Version 12.00
# Visual Studio Version 16
VisualStudioVersion = 16.0.29905.134
MinimumVisualStudioVersion = 10.0.40219.1
Project("{2150E333-8FDC-42A3-9474-1A3956D46DE8}") = "Clients", "Clients", "{282F9E47-A249-4471-BDD0-B85C6583A07A}"
EndProject
Project("{2150E333-8FDC-42A3-9474-1A3956D46DE8}") = "Appointments", "Appointments", "{C85AE7FF-9814-471A-B233-FEF143FED726}"
EndProject
Project("{2150E333-8FDC-42A3-9474-1A3956D46DE8}") = "Invoices", "Invoices", "{15DCD001-3357-407C-AEA8-FF771E5933DC}"
EndProject
Project("{2150E333-8FDC-42A3-9474-1A3956D46DE8}") = "Domain", "Domain", "{7E20B3C6-683B-4CFE-907A-20633B42F20D}"
EndProject
Project("{FAE04EC0-301F-11D3-BF4B-00C04F79EFBC}") = "TMS.Client.Domain", "TMS.Clientes.Domain\TMS.Client.Domain.csproj", "{6F57D90B-6691-4709-B5B1-B216893C0310}"
EndProject
Project("{2150E333-8FDC-42A3-9474-1A3956D46DE8}") = "Tests", "Tests", "{5DCFF5A9-A1E9-43AE-A873-6557956C66F8}"
EndProject
Project("{FAE04EC0-301F-11D3-BF4B-00C04F79EFBC}") = "TMS.Client.Domain.Tests", "TMS.Clientes.Domain.Tests\TMS.Client.Domain.Tests.csproj", "{E1A69E3B-27DF-400E-81F5-D56FE0065A72}"
EndProject
Project("{2150E333-8FDC-42A3-9474-1A3956D46DE8}") = "Repository", "Repository", "{83433539-4A2F-48E9-A372-927E43043555}"
EndProject
Project("{FAE04EC0-301F-11D3-BF4B-00C04F79EFBC}") = "TMS.Client.Repository", "TMS.Clientes.Repository\TMS.Client.Repository.csproj", "{67AC58B4-33D7-4DFA-A821-6AC3BAB7FB27}"
EndProject
Project("{2150E333-8FDC-42A3-9474-1A3956D46DE8}") = "IntegrationTests", "IntegrationTests", "{6D156DA3-2103-4738-9D1D-F5DEC0E8A5E7}"
EndProject
Project("{FAE04EC0-301F-11D3-BF4B-00C04F79EFBC}") = "TMS.Client.IntegrationTests", "TMS.Clientes.IntegrationTests\TMS.Client.IntegrationTests.csproj", "{F9058DBA-E557-4C09-B0CB-8C00CB661FE6}"
EndProject
Project("{2150E333-8FDC-42A3-9474-1A3956D46DE8}") = "UI", "UI", "{CDD306F2-D4F5-4D2F-A9AB-6FD81525DDB4}"
EndProject
Project("{2150E333-8FDC-42A3-9474-1A3956D46DE8}") = "Services", "Services", "{15D98163-0BBF-4BFC-ACC2-2F331C5A4194}"
EndProject
Project("{FAE04EC0-301F-11D3-BF4B-00C04F79EFBC}") = "TMS.Client.Service", "TMS.Cliente.Services\TMS.Client.Service.csproj", "{19414BC8-F34A-4FE2-B744-BD81381D6FD8}"
EndProject
Project("{2150E333-8FDC-42A3-9474-1A3956D46DE8}") = "Tests", "Tests", "{168FA79A-FDD9-4E64-8DA1-D647E386A5A7}"
EndProject
Project("{FAE04EC0-301F-11D3-BF4B-00C04F79EFBC}") = "TMS.Client.Service.Tests", "TMS.Clientes.Service.Tests\TMS.Client.Service.Tests.csproj", "{320F3494-699A-46CF-8169-4E78B5451697}"
EndProject
Project("{2150E333-8FDC-42A3-9474-1A3956D46DE8}") = "DI", "DI", "{35BBACC8-5A6B-4EB0-A476-C28C69BE5B3D}"
EndProject
Project("{FAE04EC0-301F-11D3-BF4B-00C04F79EFBC}") = "TMS.Client.DI", "TMS.Clientes.DI\TMS.Client.DI.csproj", "{BD1E5725-556C-4177-949C-9EAA1BA2949D}"
EndProject
Project("{2150E333-8FDC-42A3-9474-1A3956D46DE8}") = "Domain", "Domain", "{71C5C5CB-603C-4873-ADAA-B9FBDAE52ACB}"
EndProject
Project("{FAE04EC0-301F-11D3-BF4B-00C04F79EFBC}") = "TMS.Appointment.Domain", "TMS.Appointment.Domain\TMS.Appointment.Domain.csproj", "{0814701F-71D0-422B-BCC6-3BD0C58BDB41}"
EndProject
Project("{2150E333-8FDC-42A3-9474-1A3956D46DE8}") = "Tests", "Tests", "{74D7AFB1-E9C2-448C-9D96-1B7A0B3076F2}"
EndProject
Project("{FAE04EC0-301F-11D3-BF4B-00C04F79EFBC}") = "TMS.Appointment.Domain.Tests", "TMS.Appointment.Domain.Tests\TMS.Appointment.Domain.Tests.csproj", "{3071DA31-0AA5-4EE5-BB88-EAA44043BA46}"
EndProject
Project("{2150E333-8FDC-42A3-9474-1A3956D46DE8}") = "Repository", "Repository", "{840255C6-2620-4DDC-8198-EF05BA032B9E}"
EndProject
Project("{FAE04EC0-301F-11D3-BF4B-00C04F79EFBC}") = "TMS.Appointment.Repository", "TMS.Appointment.Repository\TMS.Appointment.Repository.csproj", "{7FBCB119-3481-40AA-9D7E-272A4D931DF7}"
EndProject
Project("{2150E333-8FDC-42A3-9474-1A3956D46DE8}") = "Services", "Services", "{D282B332-E61D-4218-8F8F-4E5EA16FFF42}"
EndProject
Project("{FAE04EC0-301F-11D3-BF4B-00C04F79EFBC}") = "TMS.Appointment.Service", "TMS.Appointment.Service\TMS.Appointment.Service.csproj", "{85740BA8-9192-4ABD-B4C4-B06F922EDA28}"
EndProject
Project("{2150E333-8FDC-42A3-9474-1A3956D46DE8}") = "IntegrationTests", "IntegrationTests", "{E2F4A15D-7DA8-44AE-97F1-B689891FA369}"
EndProject
Project("{FAE04EC0-301F-11D3-BF4B-00C04F79EFBC}") = "TMS.Appointment.IntegrationTests", "TMS.Appointment.IntegrationTests\TMS.Appointment.IntegrationTests.csproj", "{8C744A51-66A9-4DE9-9BCA-AD8A73E90D48}"
EndProject
Project("{2150E333-8FDC-42A3-9474-1A3956D46DE8}") = "DI", "DI", "{14510CE3-1776-4B8C-AAEC-B8127D43E7CD}"
EndProject
Project("{FAE04EC0-301F-11D3-BF4B-00C04F79EFBC}") = "TMS.Appointment.DI", "TMS.Appointment.DI\TMS.Appointment.DI.csproj", "{29D7E4D7-8698-4F08-A004-E27DC3EC1734}"
EndProject
Project("{2150E333-8FDC-42A3-9474-1A3956D46DE8}") = "Tests", "Tests", "{4BC831E0-85FE-46B0-BC6A-C909722083F9}"
EndProject
Project("{FAE04EC0-301F-11D3-BF4B-00C04F79EFBC}") = "TMS.Appointment.Service.Tests", "TMS.Appointment.Service.Tests\TMS.Appointment.Service.Tests.csproj", "{BF58BB1D-1D14-4FAE-8586-6D1D5BCD3983}"
EndProject
Project("{2150E333-8FDC-42A3-9474-1A3956D46DE8}") = "DI", "DI", "{2AA900A5-9067-4643-BAF5-0198CB705054}"
EndProject
Project("{2150E333-8FDC-42A3-9474-1A3956D46DE8}") = "Domain", "Domain", "{14705841-A1DA-4217-91A9-71BBFB84BB8B}"
EndProject
Project("{2150E333-8FDC-42A3-9474-1A3956D46DE8}") = "IntegrationTests", "IntegrationTests", "{FE23D569-26EB-4C12-A43C-9EF7A89858A5}"
EndProject
Project("{2150E333-8FDC-42A3-9474-1A3956D46DE8}") = "Repository", "Repository", "{DA1FBA6A-6932-4A08-A6C4-A26C018D3E09}"
EndProject
Project("{2150E333-8FDC-42A3-9474-1A3956D46DE8}") = "Services", "Services", "{14B3F315-0D63-47B6-8983-2B5003D73AD9}"
EndProject
Project("{FAE04EC0-301F-11D3-BF4B-00C04F79EFBC}") = "TMS.Invoice.Domain", "TMS.Invoice.Domain\TMS.Invoice.Domain.csproj", "{61668B91-0F28-4AFB-9C03-43B410F751FA}"
EndProject
Project("{2150E333-8FDC-42A3-9474-1A3956D46DE8}") = "Tests", "Tests", "{648AC6BF-6D93-4F9E-805F-5589AA5B584F}"
EndProject
Project("{FAE04EC0-301F-11D3-BF4B-00C04F79EFBC}") = "TMS.Invoice.Domain.Tests", "TMS.Invoice.Domain.Tests\TMS.Invoice.Domain.Tests.csproj", "{F343A504-A28A-428E-A602-4C42B82D6C8C}"
EndProject
Project("{FAE04EC0-301F-11D3-BF4B-00C04F79EFBC}") = "TMS.Invoice.Repository", "TMS.Invoice.Repository\TMS.Invoice.Repository.csproj", "{7D7D5A12-D1ED-4347-A827-330E9490CD6A}"
EndProject
Project("{FAE04EC0-301F-11D3-BF4B-00C04F79EFBC}") = "TMS.Invoice.Service", "TMS.Invoice.Service\TMS.Invoice.Service.csproj", "{467EC9AC-401F-4B6D-AEC4-4C49FA8707E7}"
EndProject
Project("{FAE04EC0-301F-11D3-BF4B-00C04F79EFBC}") = "TMS.Invoice.DI", "TMS.Invoice.DI\TMS.Invoice.DI.csproj", "{FA74216F-DD05-4FC2-82E2-BF577F9936E0}"
EndProject
Project("{FAE04EC0-301F-11D3-BF4B-00C04F79EFBC}") = "TMS.Invoice.IntegrationTests", "TMS.Invoice.IntegrationTests\TMS.Invoice.IntegrationTests.csproj", "{545808D1-B163-45F9-B064-860F76FF8CF3}"
EndProject
Project("{2150E333-8FDC-42A3-9474-1A3956D46DE8}") = "Tests", "Tests", "{4BD94CD8-66BD-4869-AD53-13C85468ED66}"
EndProject
Project("{FAE04EC0-301F-11D3-BF4B-00C04F79EFBC}") = "TMS.Invoice.Service.Tests", "TMS.Invoice.Service.Tests\TMS.Invoice.Service.Tests.csproj", "{C4EFC812-A619-4CFD-982F-22351A02168D}"
EndProject
Project("{FAE04EC0-301F-11D3-BF4B-00C04F79EFBC}") = "TMS.UI", "TMS.UI\TMS.UI.csproj", "{DBDCBECB-0BDF-4091-9C62-220AA9AE652A}"
EndProject
Project("{FAE04EC0-301F-11D3-BF4B-00C04F79EFBC}") = "TMS.ImportRepository", "TMS.ImportRepository\TMS.ImportRepository.csproj", "{F20B68F5-FA3E-4583-8B9D-815F131DA6EB}"
EndProject
Project("{FAE04EC0-301F-11D3-BF4B-00C04F79EFBC}") = "TMS.Core", "TMS.Core\TMS.Core.csproj", "{C28BB3E7-0238-4368-AFF8-87C5DAF69D0E}"
EndProject
Global
	GlobalSection(SolutionConfigurationPlatforms) = preSolution
		Debug|Any CPU = Debug|Any CPU
		Release|Any CPU = Release|Any CPU
	EndGlobalSection
	GlobalSection(ProjectConfigurationPlatforms) = postSolution
		{6F57D90B-6691-4709-B5B1-B216893C0310}.Debug|Any CPU.ActiveCfg = Debug|Any CPU
		{6F57D90B-6691-4709-B5B1-B216893C0310}.Debug|Any CPU.Build.0 = Debug|Any CPU
		{6F57D90B-6691-4709-B5B1-B216893C0310}.Release|Any CPU.ActiveCfg = Release|Any CPU
		{6F57D90B-6691-4709-B5B1-B216893C0310}.Release|Any CPU.Build.0 = Release|Any CPU
		{E1A69E3B-27DF-400E-81F5-D56FE0065A72}.Debug|Any CPU.ActiveCfg = Debug|Any CPU
		{E1A69E3B-27DF-400E-81F5-D56FE0065A72}.Debug|Any CPU.Build.0 = Debug|Any CPU
		{E1A69E3B-27DF-400E-81F5-D56FE0065A72}.Release|Any CPU.ActiveCfg = Release|Any CPU
		{E1A69E3B-27DF-400E-81F5-D56FE0065A72}.Release|Any CPU.Build.0 = Release|Any CPU
		{67AC58B4-33D7-4DFA-A821-6AC3BAB7FB27}.Debug|Any CPU.ActiveCfg = Debug|Any CPU
		{67AC58B4-33D7-4DFA-A821-6AC3BAB7FB27}.Debug|Any CPU.Build.0 = Debug|Any CPU
		{67AC58B4-33D7-4DFA-A821-6AC3BAB7FB27}.Release|Any CPU.ActiveCfg = Release|Any CPU
		{67AC58B4-33D7-4DFA-A821-6AC3BAB7FB27}.Release|Any CPU.Build.0 = Release|Any CPU
		{F9058DBA-E557-4C09-B0CB-8C00CB661FE6}.Debug|Any CPU.ActiveCfg = Debug|Any CPU
		{F9058DBA-E557-4C09-B0CB-8C00CB661FE6}.Debug|Any CPU.Build.0 = Debug|Any CPU
		{F9058DBA-E557-4C09-B0CB-8C00CB661FE6}.Release|Any CPU.ActiveCfg = Release|Any CPU
		{F9058DBA-E557-4C09-B0CB-8C00CB661FE6}.Release|Any CPU.Build.0 = Release|Any CPU
		{19414BC8-F34A-4FE2-B744-BD81381D6FD8}.Debug|Any CPU.ActiveCfg = Debug|Any CPU
		{19414BC8-F34A-4FE2-B744-BD81381D6FD8}.Debug|Any CPU.Build.0 = Debug|Any CPU
		{19414BC8-F34A-4FE2-B744-BD81381D6FD8}.Release|Any CPU.ActiveCfg = Release|Any CPU
		{19414BC8-F34A-4FE2-B744-BD81381D6FD8}.Release|Any CPU.Build.0 = Release|Any CPU
		{320F3494-699A-46CF-8169-4E78B5451697}.Debug|Any CPU.ActiveCfg = Debug|Any CPU
		{320F3494-699A-46CF-8169-4E78B5451697}.Debug|Any CPU.Build.0 = Debug|Any CPU
		{320F3494-699A-46CF-8169-4E78B5451697}.Release|Any CPU.ActiveCfg = Release|Any CPU
		{320F3494-699A-46CF-8169-4E78B5451697}.Release|Any CPU.Build.0 = Release|Any CPU
		{BD1E5725-556C-4177-949C-9EAA1BA2949D}.Debug|Any CPU.ActiveCfg = Debug|Any CPU
		{BD1E5725-556C-4177-949C-9EAA1BA2949D}.Debug|Any CPU.Build.0 = Debug|Any CPU
		{BD1E5725-556C-4177-949C-9EAA1BA2949D}.Release|Any CPU.ActiveCfg = Release|Any CPU
		{BD1E5725-556C-4177-949C-9EAA1BA2949D}.Release|Any CPU.Build.0 = Release|Any CPU
		{0814701F-71D0-422B-BCC6-3BD0C58BDB41}.Debug|Any CPU.ActiveCfg = Debug|Any CPU
		{0814701F-71D0-422B-BCC6-3BD0C58BDB41}.Debug|Any CPU.Build.0 = Debug|Any CPU
		{0814701F-71D0-422B-BCC6-3BD0C58BDB41}.Release|Any CPU.ActiveCfg = Release|Any CPU
		{0814701F-71D0-422B-BCC6-3BD0C58BDB41}.Release|Any CPU.Build.0 = Release|Any CPU
		{3071DA31-0AA5-4EE5-BB88-EAA44043BA46}.Debug|Any CPU.ActiveCfg = Debug|Any CPU
		{3071DA31-0AA5-4EE5-BB88-EAA44043BA46}.Debug|Any CPU.Build.0 = Debug|Any CPU
		{3071DA31-0AA5-4EE5-BB88-EAA44043BA46}.Release|Any CPU.ActiveCfg = Release|Any CPU
		{3071DA31-0AA5-4EE5-BB88-EAA44043BA46}.Release|Any CPU.Build.0 = Release|Any CPU
		{7FBCB119-3481-40AA-9D7E-272A4D931DF7}.Debug|Any CPU.ActiveCfg = Debug|Any CPU
		{7FBCB119-3481-40AA-9D7E-272A4D931DF7}.Debug|Any CPU.Build.0 = Debug|Any CPU
		{7FBCB119-3481-40AA-9D7E-272A4D931DF7}.Release|Any CPU.ActiveCfg = Release|Any CPU
		{7FBCB119-3481-40AA-9D7E-272A4D931DF7}.Release|Any CPU.Build.0 = Release|Any CPU
		{85740BA8-9192-4ABD-B4C4-B06F922EDA28}.Debug|Any CPU.ActiveCfg = Debug|Any CPU
		{85740BA8-9192-4ABD-B4C4-B06F922EDA28}.Debug|Any CPU.Build.0 = Debug|Any CPU
		{85740BA8-9192-4ABD-B4C4-B06F922EDA28}.Release|Any CPU.ActiveCfg = Release|Any CPU
		{85740BA8-9192-4ABD-B4C4-B06F922EDA28}.Release|Any CPU.Build.0 = Release|Any CPU
		{8C744A51-66A9-4DE9-9BCA-AD8A73E90D48}.Debug|Any CPU.ActiveCfg = Debug|Any CPU
		{8C744A51-66A9-4DE9-9BCA-AD8A73E90D48}.Debug|Any CPU.Build.0 = Debug|Any CPU
		{8C744A51-66A9-4DE9-9BCA-AD8A73E90D48}.Release|Any CPU.ActiveCfg = Release|Any CPU
		{8C744A51-66A9-4DE9-9BCA-AD8A73E90D48}.Release|Any CPU.Build.0 = Release|Any CPU
		{29D7E4D7-8698-4F08-A004-E27DC3EC1734}.Debug|Any CPU.ActiveCfg = Debug|Any CPU
		{29D7E4D7-8698-4F08-A004-E27DC3EC1734}.Debug|Any CPU.Build.0 = Debug|Any CPU
		{29D7E4D7-8698-4F08-A004-E27DC3EC1734}.Release|Any CPU.ActiveCfg = Release|Any CPU
		{29D7E4D7-8698-4F08-A004-E27DC3EC1734}.Release|Any CPU.Build.0 = Release|Any CPU
		{BF58BB1D-1D14-4FAE-8586-6D1D5BCD3983}.Debug|Any CPU.ActiveCfg = Debug|Any CPU
		{BF58BB1D-1D14-4FAE-8586-6D1D5BCD3983}.Debug|Any CPU.Build.0 = Debug|Any CPU
		{BF58BB1D-1D14-4FAE-8586-6D1D5BCD3983}.Release|Any CPU.ActiveCfg = Release|Any CPU
		{BF58BB1D-1D14-4FAE-8586-6D1D5BCD3983}.Release|Any CPU.Build.0 = Release|Any CPU
		{61668B91-0F28-4AFB-9C03-43B410F751FA}.Debug|Any CPU.ActiveCfg = Debug|Any CPU
		{61668B91-0F28-4AFB-9C03-43B410F751FA}.Debug|Any CPU.Build.0 = Debug|Any CPU
		{61668B91-0F28-4AFB-9C03-43B410F751FA}.Release|Any CPU.ActiveCfg = Release|Any CPU
		{61668B91-0F28-4AFB-9C03-43B410F751FA}.Release|Any CPU.Build.0 = Release|Any CPU
		{F343A504-A28A-428E-A602-4C42B82D6C8C}.Debug|Any CPU.ActiveCfg = Debug|Any CPU
		{F343A504-A28A-428E-A602-4C42B82D6C8C}.Debug|Any CPU.Build.0 = Debug|Any CPU
		{F343A504-A28A-428E-A602-4C42B82D6C8C}.Release|Any CPU.ActiveCfg = Release|Any CPU
		{F343A504-A28A-428E-A602-4C42B82D6C8C}.Release|Any CPU.Build.0 = Release|Any CPU
		{7D7D5A12-D1ED-4347-A827-330E9490CD6A}.Debug|Any CPU.ActiveCfg = Debug|Any CPU
		{7D7D5A12-D1ED-4347-A827-330E9490CD6A}.Debug|Any CPU.Build.0 = Debug|Any CPU
		{7D7D5A12-D1ED-4347-A827-330E9490CD6A}.Release|Any CPU.ActiveCfg = Release|Any CPU
		{7D7D5A12-D1ED-4347-A827-330E9490CD6A}.Release|Any CPU.Build.0 = Release|Any CPU
		{467EC9AC-401F-4B6D-AEC4-4C49FA8707E7}.Debug|Any CPU.ActiveCfg = Debug|Any CPU
		{467EC9AC-401F-4B6D-AEC4-4C49FA8707E7}.Debug|Any CPU.Build.0 = Debug|Any CPU
		{467EC9AC-401F-4B6D-AEC4-4C49FA8707E7}.Release|Any CPU.ActiveCfg = Release|Any CPU
		{467EC9AC-401F-4B6D-AEC4-4C49FA8707E7}.Release|Any CPU.Build.0 = Release|Any CPU
		{FA74216F-DD05-4FC2-82E2-BF577F9936E0}.Debug|Any CPU.ActiveCfg = Debug|Any CPU
		{FA74216F-DD05-4FC2-82E2-BF577F9936E0}.Debug|Any CPU.Build.0 = Debug|Any CPU
		{FA74216F-DD05-4FC2-82E2-BF577F9936E0}.Release|Any CPU.ActiveCfg = Release|Any CPU
		{FA74216F-DD05-4FC2-82E2-BF577F9936E0}.Release|Any CPU.Build.0 = Release|Any CPU
		{545808D1-B163-45F9-B064-860F76FF8CF3}.Debug|Any CPU.ActiveCfg = Debug|Any CPU
		{545808D1-B163-45F9-B064-860F76FF8CF3}.Debug|Any CPU.Build.0 = Debug|Any CPU
		{545808D1-B163-45F9-B064-860F76FF8CF3}.Release|Any CPU.ActiveCfg = Release|Any CPU
		{545808D1-B163-45F9-B064-860F76FF8CF3}.Release|Any CPU.Build.0 = Release|Any CPU
		{C4EFC812-A619-4CFD-982F-22351A02168D}.Debug|Any CPU.ActiveCfg = Debug|Any CPU
		{C4EFC812-A619-4CFD-982F-22351A02168D}.Debug|Any CPU.Build.0 = Debug|Any CPU
		{C4EFC812-A619-4CFD-982F-22351A02168D}.Release|Any CPU.ActiveCfg = Release|Any CPU
		{C4EFC812-A619-4CFD-982F-22351A02168D}.Release|Any CPU.Build.0 = Release|Any CPU
		{DBDCBECB-0BDF-4091-9C62-220AA9AE652A}.Debug|Any CPU.ActiveCfg = Debug|Any CPU
		{DBDCBECB-0BDF-4091-9C62-220AA9AE652A}.Debug|Any CPU.Build.0 = Debug|Any CPU
		{DBDCBECB-0BDF-4091-9C62-220AA9AE652A}.Release|Any CPU.ActiveCfg = Release|Any CPU
		{DBDCBECB-0BDF-4091-9C62-220AA9AE652A}.Release|Any CPU.Build.0 = Release|Any CPU
		{F20B68F5-FA3E-4583-8B9D-815F131DA6EB}.Debug|Any CPU.ActiveCfg = Debug|Any CPU
		{F20B68F5-FA3E-4583-8B9D-815F131DA6EB}.Debug|Any CPU.Build.0 = Debug|Any CPU
		{F20B68F5-FA3E-4583-8B9D-815F131DA6EB}.Release|Any CPU.ActiveCfg = Release|Any CPU
		{F20B68F5-FA3E-4583-8B9D-815F131DA6EB}.Release|Any CPU.Build.0 = Release|Any CPU
		{C28BB3E7-0238-4368-AFF8-87C5DAF69D0E}.Debug|Any CPU.ActiveCfg = Debug|Any CPU
		{C28BB3E7-0238-4368-AFF8-87C5DAF69D0E}.Debug|Any CPU.Build.0 = Debug|Any CPU
		{C28BB3E7-0238-4368-AFF8-87C5DAF69D0E}.Release|Any CPU.ActiveCfg = Release|Any CPU
		{C28BB3E7-0238-4368-AFF8-87C5DAF69D0E}.Release|Any CPU.Build.0 = Release|Any CPU
	EndGlobalSection
	GlobalSection(SolutionProperties) = preSolution
		HideSolutionNode = FALSE
	EndGlobalSection
	GlobalSection(NestedProjects) = preSolution
		{7E20B3C6-683B-4CFE-907A-20633B42F20D} = {282F9E47-A249-4471-BDD0-B85C6583A07A}
		{6F57D90B-6691-4709-B5B1-B216893C0310} = {7E20B3C6-683B-4CFE-907A-20633B42F20D}
		{5DCFF5A9-A1E9-43AE-A873-6557956C66F8} = {7E20B3C6-683B-4CFE-907A-20633B42F20D}
		{E1A69E3B-27DF-400E-81F5-D56FE0065A72} = {5DCFF5A9-A1E9-43AE-A873-6557956C66F8}
		{83433539-4A2F-48E9-A372-927E43043555} = {282F9E47-A249-4471-BDD0-B85C6583A07A}
		{67AC58B4-33D7-4DFA-A821-6AC3BAB7FB27} = {83433539-4A2F-48E9-A372-927E43043555}
		{6D156DA3-2103-4738-9D1D-F5DEC0E8A5E7} = {282F9E47-A249-4471-BDD0-B85C6583A07A}
		{F9058DBA-E557-4C09-B0CB-8C00CB661FE6} = {6D156DA3-2103-4738-9D1D-F5DEC0E8A5E7}
		{15D98163-0BBF-4BFC-ACC2-2F331C5A4194} = {282F9E47-A249-4471-BDD0-B85C6583A07A}
		{19414BC8-F34A-4FE2-B744-BD81381D6FD8} = {15D98163-0BBF-4BFC-ACC2-2F331C5A4194}
		{168FA79A-FDD9-4E64-8DA1-D647E386A5A7} = {15D98163-0BBF-4BFC-ACC2-2F331C5A4194}
		{320F3494-699A-46CF-8169-4E78B5451697} = {168FA79A-FDD9-4E64-8DA1-D647E386A5A7}
		{35BBACC8-5A6B-4EB0-A476-C28C69BE5B3D} = {282F9E47-A249-4471-BDD0-B85C6583A07A}
		{BD1E5725-556C-4177-949C-9EAA1BA2949D} = {35BBACC8-5A6B-4EB0-A476-C28C69BE5B3D}
		{71C5C5CB-603C-4873-ADAA-B9FBDAE52ACB} = {C85AE7FF-9814-471A-B233-FEF143FED726}
		{0814701F-71D0-422B-BCC6-3BD0C58BDB41} = {71C5C5CB-603C-4873-ADAA-B9FBDAE52ACB}
		{74D7AFB1-E9C2-448C-9D96-1B7A0B3076F2} = {71C5C5CB-603C-4873-ADAA-B9FBDAE52ACB}
		{3071DA31-0AA5-4EE5-BB88-EAA44043BA46} = {74D7AFB1-E9C2-448C-9D96-1B7A0B3076F2}
		{840255C6-2620-4DDC-8198-EF05BA032B9E} = {C85AE7FF-9814-471A-B233-FEF143FED726}
		{7FBCB119-3481-40AA-9D7E-272A4D931DF7} = {840255C6-2620-4DDC-8198-EF05BA032B9E}
		{D282B332-E61D-4218-8F8F-4E5EA16FFF42} = {C85AE7FF-9814-471A-B233-FEF143FED726}
		{85740BA8-9192-4ABD-B4C4-B06F922EDA28} = {D282B332-E61D-4218-8F8F-4E5EA16FFF42}
		{E2F4A15D-7DA8-44AE-97F1-B689891FA369} = {C85AE7FF-9814-471A-B233-FEF143FED726}
		{8C744A51-66A9-4DE9-9BCA-AD8A73E90D48} = {E2F4A15D-7DA8-44AE-97F1-B689891FA369}
		{14510CE3-1776-4B8C-AAEC-B8127D43E7CD} = {C85AE7FF-9814-471A-B233-FEF143FED726}
		{29D7E4D7-8698-4F08-A004-E27DC3EC1734} = {14510CE3-1776-4B8C-AAEC-B8127D43E7CD}
		{4BC831E0-85FE-46B0-BC6A-C909722083F9} = {D282B332-E61D-4218-8F8F-4E5EA16FFF42}
		{BF58BB1D-1D14-4FAE-8586-6D1D5BCD3983} = {4BC831E0-85FE-46B0-BC6A-C909722083F9}
		{2AA900A5-9067-4643-BAF5-0198CB705054} = {15DCD001-3357-407C-AEA8-FF771E5933DC}
		{14705841-A1DA-4217-91A9-71BBFB84BB8B} = {15DCD001-3357-407C-AEA8-FF771E5933DC}
		{FE23D569-26EB-4C12-A43C-9EF7A89858A5} = {15DCD001-3357-407C-AEA8-FF771E5933DC}
		{DA1FBA6A-6932-4A08-A6C4-A26C018D3E09} = {15DCD001-3357-407C-AEA8-FF771E5933DC}
		{14B3F315-0D63-47B6-8983-2B5003D73AD9} = {15DCD001-3357-407C-AEA8-FF771E5933DC}
		{61668B91-0F28-4AFB-9C03-43B410F751FA} = {14705841-A1DA-4217-91A9-71BBFB84BB8B}
		{648AC6BF-6D93-4F9E-805F-5589AA5B584F} = {14705841-A1DA-4217-91A9-71BBFB84BB8B}
		{F343A504-A28A-428E-A602-4C42B82D6C8C} = {648AC6BF-6D93-4F9E-805F-5589AA5B584F}
		{7D7D5A12-D1ED-4347-A827-330E9490CD6A} = {DA1FBA6A-6932-4A08-A6C4-A26C018D3E09}
		{467EC9AC-401F-4B6D-AEC4-4C49FA8707E7} = {14B3F315-0D63-47B6-8983-2B5003D73AD9}
		{FA74216F-DD05-4FC2-82E2-BF577F9936E0} = {2AA900A5-9067-4643-BAF5-0198CB705054}
		{545808D1-B163-45F9-B064-860F76FF8CF3} = {FE23D569-26EB-4C12-A43C-9EF7A89858A5}
		{4BD94CD8-66BD-4869-AD53-13C85468ED66} = {14B3F315-0D63-47B6-8983-2B5003D73AD9}
		{C4EFC812-A619-4CFD-982F-22351A02168D} = {4BD94CD8-66BD-4869-AD53-13C85468ED66}
		{DBDCBECB-0BDF-4091-9C62-220AA9AE652A} = {CDD306F2-D4F5-4D2F-A9AB-6FD81525DDB4}
	EndGlobalSection
	GlobalSection(ExtensibilityGlobals) = postSolution
		SolutionGuid = {80CA4287-D1D6-44D4-9E1D-A4A52E060869}
	EndGlobalSection
EndGlobal
