
Microsoft Visual Studio Solution File, Format Version 12.00
# Visual Studio Version 16
VisualStudioVersion = 16.0.30011.22
MinimumVisualStudioVersion = 10.0.40219.1
Project("{2150E333-8FDC-42A3-9474-1A3956D46DE8}") = "1 - Application", "1 - Application", "{316C243C-3C85-46E7-B24A-994A9DE87BB5}"
EndProject
Project("{2150E333-8FDC-42A3-9474-1A3956D46DE8}") = "2 - Domain", "2 - Domain", "{87C9ED0B-CA56-42E9-9A67-2844F15F35EA}"
EndProject
Project("{2150E333-8FDC-42A3-9474-1A3956D46DE8}") = "3 - Service", "3 - Service", "{2DC8D925-95D7-42E4-9739-6E8DE3CB488D}"
EndProject
Project("{2150E333-8FDC-42A3-9474-1A3956D46DE8}") = "4 - Infrastructure", "4 - Infrastructure", "{20D2D145-1D05-4EC4-8C3D-80B3A2CA3188}"
EndProject
Project("{2150E333-8FDC-42A3-9474-1A3956D46DE8}") = "4.1 - Data", "4.1 - Data", "{CDC498C3-B5FD-4ADF-A095-04AAE064BFFF}"
EndProject
Project("{2150E333-8FDC-42A3-9474-1A3956D46DE8}") = "4.2 - CrossCutting", "4.2 - CrossCutting", "{34B91FAE-5480-467C-AD18-DF2CF05F8458}"
EndProject
Project("{9A19103F-16F7-4668-BE54-9A1E7A4F7556}") = "TherapyManagementSystem.Domain", "TherapyManagementSystem.Domain\TherapyManagementSystem.Domain.csproj", "{BF55B1B3-CB27-4395-9B7C-D0F17B34B5AE}"
EndProject
Project("{9A19103F-16F7-4668-BE54-9A1E7A4F7556}") = "TherapyManagementSystem.Service", "TherapyManagementSystem.Service\TherapyManagementSystem.Service.csproj", "{FECA26EC-C089-4DCB-92E6-3F8A2743612D}"
EndProject
Project("{9A19103F-16F7-4668-BE54-9A1E7A4F7556}") = "TherapyManagementSystem.Infrastructure.CrossCutting", "TherapyManagementSystem.Infrastructure.CrossCutting\TherapyManagementSystem.Infrastructure.CrossCutting.csproj", "{E6D4C975-D915-4E65-BB12-5EFB9A21118E}"
EndProject
Project("{9A19103F-16F7-4668-BE54-9A1E7A4F7556}") = "TherapyManagementSystem.Infrastructure.Data", "TherapyManagementSystem.Infrastructure.Data\TherapyManagementSystem.Infrastructure.Data.csproj", "{C1221D06-A8FE-4C33-BE7F-4572A88E27AB}"
EndProject
Project("{FAE04EC0-301F-11D3-BF4B-00C04F79EFBC}") = "TherapyManagementSystem.UI", "TherapyManagementSystem.WinForms\TherapyManagementSystem.UI.csproj", "{BD651008-C709-49B3-B8A1-20FD9D85AA71}"
EndProject
Project("{FAE04EC0-301F-11D3-BF4B-00C04F79EFBC}") = "TherapyManagementSystem.WinForms.TherapistCreator", "TherapyManagementSystem.WinForms.TherapistCreator\TherapyManagementSystem.WinForms.TherapistCreator.csproj", "{94238066-D93C-4252-A076-7277CAFC60AE}"
EndProject
Global
	GlobalSection(SolutionConfigurationPlatforms) = preSolution
		Debug|Any CPU = Debug|Any CPU
		Release|Any CPU = Release|Any CPU
	EndGlobalSection
	GlobalSection(ProjectConfigurationPlatforms) = postSolution
		{BF55B1B3-CB27-4395-9B7C-D0F17B34B5AE}.Debug|Any CPU.ActiveCfg = Debug|Any CPU
		{BF55B1B3-CB27-4395-9B7C-D0F17B34B5AE}.Debug|Any CPU.Build.0 = Debug|Any CPU
		{BF55B1B3-CB27-4395-9B7C-D0F17B34B5AE}.Release|Any CPU.ActiveCfg = Release|Any CPU
		{BF55B1B3-CB27-4395-9B7C-D0F17B34B5AE}.Release|Any CPU.Build.0 = Release|Any CPU
		{FECA26EC-C089-4DCB-92E6-3F8A2743612D}.Debug|Any CPU.ActiveCfg = Debug|Any CPU
		{FECA26EC-C089-4DCB-92E6-3F8A2743612D}.Debug|Any CPU.Build.0 = Debug|Any CPU
		{FECA26EC-C089-4DCB-92E6-3F8A2743612D}.Release|Any CPU.ActiveCfg = Release|Any CPU
		{FECA26EC-C089-4DCB-92E6-3F8A2743612D}.Release|Any CPU.Build.0 = Release|Any CPU
		{E6D4C975-D915-4E65-BB12-5EFB9A21118E}.Debug|Any CPU.ActiveCfg = Debug|Any CPU
		{E6D4C975-D915-4E65-BB12-5EFB9A21118E}.Debug|Any CPU.Build.0 = Debug|Any CPU
		{E6D4C975-D915-4E65-BB12-5EFB9A21118E}.Release|Any CPU.ActiveCfg = Release|Any CPU
		{E6D4C975-D915-4E65-BB12-5EFB9A21118E}.Release|Any CPU.Build.0 = Release|Any CPU
		{C1221D06-A8FE-4C33-BE7F-4572A88E27AB}.Debug|Any CPU.ActiveCfg = Debug|Any CPU
		{C1221D06-A8FE-4C33-BE7F-4572A88E27AB}.Debug|Any CPU.Build.0 = Debug|Any CPU
		{C1221D06-A8FE-4C33-BE7F-4572A88E27AB}.Release|Any CPU.ActiveCfg = Release|Any CPU
		{C1221D06-A8FE-4C33-BE7F-4572A88E27AB}.Release|Any CPU.Build.0 = Release|Any CPU
		{BD651008-C709-49B3-B8A1-20FD9D85AA71}.Debug|Any CPU.ActiveCfg = Debug|Any CPU
		{BD651008-C709-49B3-B8A1-20FD9D85AA71}.Debug|Any CPU.Build.0 = Debug|Any CPU
		{BD651008-C709-49B3-B8A1-20FD9D85AA71}.Release|Any CPU.ActiveCfg = Release|Any CPU
		{BD651008-C709-49B3-B8A1-20FD9D85AA71}.Release|Any CPU.Build.0 = Release|Any CPU
		{94238066-D93C-4252-A076-7277CAFC60AE}.Debug|Any CPU.ActiveCfg = Debug|Any CPU
		{94238066-D93C-4252-A076-7277CAFC60AE}.Debug|Any CPU.Build.0 = Debug|Any CPU
		{94238066-D93C-4252-A076-7277CAFC60AE}.Release|Any CPU.ActiveCfg = Release|Any CPU
		{94238066-D93C-4252-A076-7277CAFC60AE}.Release|Any CPU.Build.0 = Release|Any CPU
	EndGlobalSection
	GlobalSection(SolutionProperties) = preSolution
		HideSolutionNode = FALSE
	EndGlobalSection
	GlobalSection(NestedProjects) = preSolution
		{CDC498C3-B5FD-4ADF-A095-04AAE064BFFF} = {20D2D145-1D05-4EC4-8C3D-80B3A2CA3188}
		{34B91FAE-5480-467C-AD18-DF2CF05F8458} = {20D2D145-1D05-4EC4-8C3D-80B3A2CA3188}
		{BF55B1B3-CB27-4395-9B7C-D0F17B34B5AE} = {87C9ED0B-CA56-42E9-9A67-2844F15F35EA}
		{FECA26EC-C089-4DCB-92E6-3F8A2743612D} = {2DC8D925-95D7-42E4-9739-6E8DE3CB488D}
		{E6D4C975-D915-4E65-BB12-5EFB9A21118E} = {34B91FAE-5480-467C-AD18-DF2CF05F8458}
		{C1221D06-A8FE-4C33-BE7F-4572A88E27AB} = {CDC498C3-B5FD-4ADF-A095-04AAE064BFFF}
		{BD651008-C709-49B3-B8A1-20FD9D85AA71} = {316C243C-3C85-46E7-B24A-994A9DE87BB5}
		{94238066-D93C-4252-A076-7277CAFC60AE} = {316C243C-3C85-46E7-B24A-994A9DE87BB5}
	EndGlobalSection
	GlobalSection(ExtensibilityGlobals) = postSolution
		SolutionGuid = {5866A8F7-6B43-41DF-8A67-838DCD80AD4D}
	EndGlobalSection
EndGlobal
