
Microsoft Visual Studio Solution File, Format Version 12.00
# Visual Studio Version 16
VisualStudioVersion = 16.0.29728.190
MinimumVisualStudioVersion = 10.0.40219.1
Project("{FAE04EC0-301F-11D3-BF4B-00C04F79EFBC}") = "TherapyManagementSystem", "TherapyManagementSystem\TherapyManagementSystem.csproj", "{D3F18CC7-B271-477A-9B13-653C1FBFB695}"
EndProject
Project("{FAE04EC0-301F-11D3-BF4B-00C04F79EFBC}") = "TherapyManagementSystem.UserCreation", "TherapyManagementSystem.UserCreation\TherapyManagementSystem.UserCreation.csproj", "{23658610-4389-4AA8-AA9C-B0F8CF2C6BAB}"
EndProject
Project("{FAE04EC0-301F-11D3-BF4B-00C04F79EFBC}") = "TherapyManagementSystem.Common", "TherapyManagementSystem.Common\TherapyManagementSystem.Common.csproj", "{B8EEC776-7627-43B1-84A2-2AF8A84A420C}"
EndProject
Project("{FAE04EC0-301F-11D3-BF4B-00C04F79EFBC}") = "TherapyManagementSystem.BusinessLogicLayer", "TherapyManagementSystem.BusinessLogicLayer\TherapyManagementSystem.BusinessLogicLayer.csproj", "{CF48D178-D00C-4272-B662-34BA49F48D5B}"
EndProject
Project("{FAE04EC0-301F-11D3-BF4B-00C04F79EFBC}") = "TherapyManagementSystem.DataAccessLayer", "TherapyManagementSystem.DataAccessLayer\TherapyManagementSystem.DataAccessLayer.csproj", "{F308F51F-A8AB-44BA-B539-D679F09A71AA}"
EndProject
Global
	GlobalSection(SolutionConfigurationPlatforms) = preSolution
		Debug|Any CPU = Debug|Any CPU
		Release|Any CPU = Release|Any CPU
	EndGlobalSection
	GlobalSection(ProjectConfigurationPlatforms) = postSolution
		{D3F18CC7-B271-477A-9B13-653C1FBFB695}.Debug|Any CPU.ActiveCfg = Debug|Any CPU
		{D3F18CC7-B271-477A-9B13-653C1FBFB695}.Debug|Any CPU.Build.0 = Debug|Any CPU
		{D3F18CC7-B271-477A-9B13-653C1FBFB695}.Release|Any CPU.ActiveCfg = Release|Any CPU
		{D3F18CC7-B271-477A-9B13-653C1FBFB695}.Release|Any CPU.Build.0 = Release|Any CPU
		{23658610-4389-4AA8-AA9C-B0F8CF2C6BAB}.Debug|Any CPU.ActiveCfg = Debug|Any CPU
		{23658610-4389-4AA8-AA9C-B0F8CF2C6BAB}.Debug|Any CPU.Build.0 = Debug|Any CPU
		{23658610-4389-4AA8-AA9C-B0F8CF2C6BAB}.Release|Any CPU.ActiveCfg = Release|Any CPU
		{23658610-4389-4AA8-AA9C-B0F8CF2C6BAB}.Release|Any CPU.Build.0 = Release|Any CPU
		{B8EEC776-7627-43B1-84A2-2AF8A84A420C}.Debug|Any CPU.ActiveCfg = Debug|Any CPU
		{B8EEC776-7627-43B1-84A2-2AF8A84A420C}.Debug|Any CPU.Build.0 = Debug|Any CPU
		{B8EEC776-7627-43B1-84A2-2AF8A84A420C}.Release|Any CPU.ActiveCfg = Release|Any CPU
		{B8EEC776-7627-43B1-84A2-2AF8A84A420C}.Release|Any CPU.Build.0 = Release|Any CPU
		{CF48D178-D00C-4272-B662-34BA49F48D5B}.Debug|Any CPU.ActiveCfg = Debug|Any CPU
		{CF48D178-D00C-4272-B662-34BA49F48D5B}.Debug|Any CPU.Build.0 = Debug|Any CPU
		{CF48D178-D00C-4272-B662-34BA49F48D5B}.Release|Any CPU.ActiveCfg = Release|Any CPU
		{CF48D178-D00C-4272-B662-34BA49F48D5B}.Release|Any CPU.Build.0 = Release|Any CPU
		{F308F51F-A8AB-44BA-B539-D679F09A71AA}.Debug|Any CPU.ActiveCfg = Debug|Any CPU
		{F308F51F-A8AB-44BA-B539-D679F09A71AA}.Debug|Any CPU.Build.0 = Debug|Any CPU
		{F308F51F-A8AB-44BA-B539-D679F09A71AA}.Release|Any CPU.ActiveCfg = Release|Any CPU
		{F308F51F-A8AB-44BA-B539-D679F09A71AA}.Release|Any CPU.Build.0 = Release|Any CPU
	EndGlobalSection
	GlobalSection(SolutionProperties) = preSolution
		HideSolutionNode = FALSE
	EndGlobalSection
	GlobalSection(ExtensibilityGlobals) = postSolution
		SolutionGuid = {DBBAF241-572A-4C9F-B2BE-6B7F6BA0A767}
	EndGlobalSection
EndGlobal
